<Solution>
  <Project Path="Lab5.Core/Lab5.Core.csproj" Id="a1a1a1a1-0000-0000-0000-000000000005" />
  <Project Path="lab5/lab5.csproj" Id="b1b1b1b1-0000-0000-0000-000000000005" />
  <Project Path="HockeyPlugin/HockeyPlugin.csproj" Id="c1c1c1c1-0000-0000-0000-000000000004" />
  <Project Path="EsportsPlugin/EsportsPlugin.csproj" Id="c2c2c2c2-0000-0000-0000-000000000004" />
  <Project Path="GZipPlugin/GZipPlugin.csproj" Id="e1e1e1e1-0000-0000-0000-000000000005" />
  <Project Path="AesPlugin/AesPlugin.csproj" Id="e2e2e2e2-0000-0000-0000-000000000005" />
  <Project Path="ChecksumPlugin/ChecksumPlugin.csproj" Id="e3e3e3e3-0000-0000-0000-000000000005" />
  <Project Path="PluginSigner/PluginSigner.csproj" Id="d1d1d1d1-0000-0000-0000-000000000004" />
</Solution>
